// !$*UTF8*$!
{
	archiveVersion = 1;
	classes = {
	};
	objectVersion = 50;
	objects = {

/* Begin PBXBuildFile section */
		1B39DBDB23408FF3002EAD9B /* RuntimeViewController.m in Sources */ = {isa = PBXBuildFile; fileRef = 1B39DBDA23408FF3002EAD9B /* RuntimeViewController.m */; };
		1B39DBE2234090A2002EAD9B /* RuntimeTest.m in Sources */ = {isa = PBXBuildFile; fileRef = 1B39DBE1234090A2002EAD9B /* RuntimeTest.m */; };
		1B39DBE62341DEF8002EAD9B /* TimerViewController.m in Sources */ = {isa = PBXBuildFile; fileRef = 1B39DBE42341DEF8002EAD9B /* TimerViewController.m */; };
		1B39DBE72341DEF8002EAD9B /* TimerViewController.xib in Resources */ = {isa = PBXBuildFile; fileRef = 1B39DBE52341DEF8002EAD9B /* TimerViewController.xib */; };
		1B6F5AED20D8E95E00239185 /* TestItemViewController.m in Sources */ = {isa = PBXBuildFile; fileRef = 1B6F5AEC20D8E95E00239185 /* TestItemViewController.m */; };
		1B6F5AF020D8EA7D00239185 /* NaviToPushViewController.m in Sources */ = {isa = PBXBuildFile; fileRef = 1B6F5AEF20D8EA7D00239185 /* NaviToPushViewController.m */; };
		1B6F5AF320D8F12B00239185 /* TestItemFirshViewController.m in Sources */ = {isa = PBXBuildFile; fileRef = 1B6F5AF220D8F12B00239185 /* TestItemFirshViewController.m */; };
		1B895C1420D0B2C8005897ED /* AppDelegate.m in Sources */ = {isa = PBXBuildFile; fileRef = 1B895C1320D0B2C8005897ED /* AppDelegate.m */; };
		1B895C2C20D0B2CB005897ED /* SomeKnowledgeTests.m in Sources */ = {isa = PBXBuildFile; fileRef = 1B895C2B20D0B2CB005897ED /* SomeKnowledgeTests.m */; };
		1B895C3720D0B2CB005897ED /* SomeKnowledgeUITests.m in Sources */ = {isa = PBXBuildFile; fileRef = 1B895C3620D0B2CB005897ED /* SomeKnowledgeUITests.m */; };
		1B895C6420D0B6D5005897ED /* StringViewController.m in Sources */ = {isa = PBXBuildFile; fileRef = 1B895C5920D0B6D5005897ED /* StringViewController.m */; };
		1B895C6520D0B6D5005897ED /* MainViewController.m in Sources */ = {isa = PBXBuildFile; fileRef = 1B895C5C20D0B6D5005897ED /* MainViewController.m */; };
		1B895C6620D0B6D5005897ED /* WaveViewController.m in Sources */ = {isa = PBXBuildFile; fileRef = 1B895C5E20D0B6D5005897ED /* WaveViewController.m */; };
		1B895C6720D0B6D5005897ED /* CalendarViewController.m in Sources */ = {isa = PBXBuildFile; fileRef = 1B895C5F20D0B6D5005897ED /* CalendarViewController.m */; };
		1B895C6820D0B6D5005897ED /* KeyBoradInputViewViewController.m in Sources */ = {isa = PBXBuildFile; fileRef = 1B895C6120D0B6D5005897ED /* KeyBoradInputViewViewController.m */; };
		1B895C8B20D0B6F8005897ED /* FSCalendarCollectionView.m in Sources */ = {isa = PBXBuildFile; fileRef = 1B895C6A20D0B6F8005897ED /* FSCalendarCollectionView.m */; };
		1B895C8C20D0B6F8005897ED /* FSCalendarDelegationProxy.m in Sources */ = {isa = PBXBuildFile; fileRef = 1B895C6E20D0B6F8005897ED /* FSCalendarDelegationProxy.m */; };
		1B895C8D20D0B6F8005897ED /* FSCalendarDelegationFactory.m in Sources */ = {isa = PBXBuildFile; fileRef = 1B895C7020D0B6F8005897ED /* FSCalendarDelegationFactory.m */; };
		1B895C8E20D0B6F8005897ED /* FSCalendarCell.m in Sources */ = {isa = PBXBuildFile; fileRef = 1B895C7620D0B6F8005897ED /* FSCalendarCell.m */; };
		1B895C8F20D0B6F8005897ED /* FSCalendarStickyHeader.m in Sources */ = {isa = PBXBuildFile; fileRef = 1B895C7720D0B6F8005897ED /* FSCalendarStickyHeader.m */; };
		1B895C9020D0B6F8005897ED /* FSCalendar.m in Sources */ = {isa = PBXBuildFile; fileRef = 1B895C7820D0B6F8005897ED /* FSCalendar.m */; };
		1B895C9120D0B6F8005897ED /* FSCalendarCollectionViewLayout.m in Sources */ = {isa = PBXBuildFile; fileRef = 1B895C7920D0B6F8005897ED /* FSCalendarCollectionViewLayout.m */; };
		1B895C9220D0B6F8005897ED /* FSCalendarScopeHandle.m in Sources */ = {isa = PBXBuildFile; fileRef = 1B895C7A20D0B6F8005897ED /* FSCalendarScopeHandle.m */; };
		1B895C9320D0B6F8005897ED /* FSCalendarWeekdayView.m in Sources */ = {isa = PBXBuildFile; fileRef = 1B895C7B20D0B6F8005897ED /* FSCalendarWeekdayView.m */; };
		1B895C9420D0B6F8005897ED /* FSCalendarExtensions.m in Sources */ = {isa = PBXBuildFile; fileRef = 1B895C7F20D0B6F8005897ED /* FSCalendarExtensions.m */; };
		1B895C9520D0B6F8005897ED /* FSCalendar+Deprecated.m in Sources */ = {isa = PBXBuildFile; fileRef = 1B895C8120D0B6F8005897ED /* FSCalendar+Deprecated.m */; };
		1B895C9620D0B6F8005897ED /* FSCalendarConstants.m in Sources */ = {isa = PBXBuildFile; fileRef = 1B895C8220D0B6F8005897ED /* FSCalendarConstants.m */; };
		1B895C9720D0B6F8005897ED /* FSCalendarCalculator.m in Sources */ = {isa = PBXBuildFile; fileRef = 1B895C8320D0B6F8005897ED /* FSCalendarCalculator.m */; };
		1B895C9820D0B6F8005897ED /* FSCalendarHeaderView.m in Sources */ = {isa = PBXBuildFile; fileRef = 1B895C8420D0B6F8005897ED /* FSCalendarHeaderView.m */; };
		1B895C9920D0B6F8005897ED /* FSCalendarTransitionCoordinator.m in Sources */ = {isa = PBXBuildFile; fileRef = 1B895C8820D0B6F8005897ED /* FSCalendarTransitionCoordinator.m */; };
		1B895C9A20D0B6F8005897ED /* Info.plist in Resources */ = {isa = PBXBuildFile; fileRef = 1B895C8920D0B6F8005897ED /* Info.plist */; };
		1B895C9B20D0B6F8005897ED /* FSCalendarAppearance.m in Sources */ = {isa = PBXBuildFile; fileRef = 1B895C8A20D0B6F8005897ED /* FSCalendarAppearance.m */; };
		1B895CA820D0B7E5005897ED /* ECLStandardCalendar.m in Sources */ = {isa = PBXBuildFile; fileRef = 1B895C9E20D0B7E5005897ED /* ECLStandardCalendar.m */; };
		1B895CA920D0B7E5005897ED /* ECLTimeCell.xib in Resources */ = {isa = PBXBuildFile; fileRef = 1B895C9F20D0B7E5005897ED /* ECLTimeCell.xib */; };
		1B895CAA20D0B7E5005897ED /* ECLExtendCalendar.m in Sources */ = {isa = PBXBuildFile; fileRef = 1B895CA020D0B7E5005897ED /* ECLExtendCalendar.m */; };
		1B895CAB20D0B7E5005897ED /* ECLTimePickView.m in Sources */ = {isa = PBXBuildFile; fileRef = 1B895CA420D0B7E5005897ED /* ECLTimePickView.m */; };
		1B895CAC20D0B7E5005897ED /* ECLTimeCell.m in Sources */ = {isa = PBXBuildFile; fileRef = 1B895CA720D0B7E5005897ED /* ECLTimeCell.m */; };
		1B895CAF20D0B967005897ED /* MainListCell.m in Sources */ = {isa = PBXBuildFile; fileRef = 1B895CAE20D0B967005897ED /* MainListCell.m */; };
		1B895CB220D0BDDF005897ED /* LocateNotifiyAndSyncCalendarEventViewController.m in Sources */ = {isa = PBXBuildFile; fileRef = 1B895CB120D0BDDF005897ED /* LocateNotifiyAndSyncCalendarEventViewController.m */; };
		1B895CB520D0BE03005897ED /* BaseViewController.m in Sources */ = {isa = PBXBuildFile; fileRef = 1B895CB420D0BE03005897ED /* BaseViewController.m */; };
		1B895CC620D0C050005897ED /* Assets.xcassets in Resources */ = {isa = PBXBuildFile; fileRef = 1B895CBD20D0C04F005897ED /* Assets.xcassets */; };
		1B895CC720D0C050005897ED /* main.m in Sources */ = {isa = PBXBuildFile; fileRef = 1B895CBE20D0C050005897ED /* main.m */; };
		1B895CC820D0C050005897ED /* LaunchScreen.storyboard in Resources */ = {isa = PBXBuildFile; fileRef = 1B895CC120D0C050005897ED /* LaunchScreen.storyboard */; };
		1B895CC920D0C050005897ED /* Main.storyboard in Resources */ = {isa = PBXBuildFile; fileRef = 1B895CC320D0C050005897ED /* Main.storyboard */; };
		1B895CCD20D0C621005897ED /* UIView+Ext.m in Sources */ = {isa = PBXBuildFile; fileRef = 1B895CCC20D0C621005897ED /* UIView+Ext.m */; };
		1B895CD020D0E5F3005897ED /* WaveView.m in Sources */ = {isa = PBXBuildFile; fileRef = 1B895CCF20D0E5F3005897ED /* WaveView.m */; };
		1BDA3899242E01F900BB9E34 /* Person.m in Sources */ = {isa = PBXBuildFile; fileRef = 1BDA3898242E01F900BB9E34 /* Person.m */; };
		1BDA389C242E020D00BB9E34 /* Student.m in Sources */ = {isa = PBXBuildFile; fileRef = 1BDA389B242E020D00BB9E34 /* Student.m */; };
		1BDA389F242F3C9700BB9E34 /* Person+Addtion.m in Sources */ = {isa = PBXBuildFile; fileRef = 1BDA389E242F3C9700BB9E34 /* Person+Addtion.m */; };
		1BDA38A2242F726300BB9E34 /* NSObject+Test.m in Sources */ = {isa = PBXBuildFile; fileRef = 1BDA38A1242F726300BB9E34 /* NSObject+Test.m */; };
		1BDA390B2435D70600BB9E34 /* Worker.m in Sources */ = {isa = PBXBuildFile; fileRef = 1BDA390A2435D70600BB9E34 /* Worker.m */; };
		1BDA390E2435D72200BB9E34 /* Teacher.m in Sources */ = {isa = PBXBuildFile; fileRef = 1BDA390D2435D72200BB9E34 /* Teacher.m */; };
		1BDA3911243C507300BB9E34 /* HJProxy.m in Sources */ = {isa = PBXBuildFile; fileRef = 1BDA3910243C507200BB9E34 /* HJProxy.m */; };
		1BDA3914243C57B000BB9E34 /* GCDViewController.m in Sources */ = {isa = PBXBuildFile; fileRef = 1BDA3913243C57B000BB9E34 /* GCDViewController.m */; };
		1BDA3917243C57BD00BB9E34 /* NSOperationViewController.m in Sources */ = {isa = PBXBuildFile; fileRef = 1BDA3916243C57BD00BB9E34 /* NSOperationViewController.m */; };
		1BDA391A243C582300BB9E34 /* NSThreadViewController.m in Sources */ = {isa = PBXBuildFile; fileRef = 1BDA3919243C582300BB9E34 /* NSThreadViewController.m */; };
		1BDA3928243C627500BB9E34 /* FMDatabaseQueue.m in Sources */ = {isa = PBXBuildFile; fileRef = 1BDA391D243C627500BB9E34 /* FMDatabaseQueue.m */; };
		1BDA3929243C627500BB9E34 /* FMDatabaseAdditions.m in Sources */ = {isa = PBXBuildFile; fileRef = 1BDA3920243C627500BB9E34 /* FMDatabaseAdditions.m */; };
		1BDA392A243C627500BB9E34 /* FMDatabase.m in Sources */ = {isa = PBXBuildFile; fileRef = 1BDA3921243C627500BB9E34 /* FMDatabase.m */; };
		1BDA392B243C627500BB9E34 /* FMDatabasePool.m in Sources */ = {isa = PBXBuildFile; fileRef = 1BDA3925243C627500BB9E34 /* FMDatabasePool.m */; };
		1BDA392C243C627500BB9E34 /* FMResultSet.m in Sources */ = {isa = PBXBuildFile; fileRef = 1BDA3926243C627500BB9E34 /* FMResultSet.m */; };
		1BDA392D243C627500BB9E34 /* Info.plist in Resources */ = {isa = PBXBuildFile; fileRef = 1BDA3927243C627500BB9E34 /* Info.plist */; };
		1BDA3931243C62C500BB9E34 /* YTKKeyValueStore.m in Sources */ = {isa = PBXBuildFile; fileRef = 1BDA392F243C62C500BB9E34 /* YTKKeyValueStore.m */; };
		1BDA3934243C62D900BB9E34 /* FMDBViewController.m in Sources */ = {isa = PBXBuildFile; fileRef = 1BDA3933243C62D900BB9E34 /* FMDBViewController.m */; };
/* End PBXBuildFile section */

/* Begin PBXContainerItemProxy section */
		1B895C2820D0B2CB005897ED /* PBXContainerItemProxy */ = {
			isa = PBXContainerItemProxy;
			containerPortal = 1B895C0720D0B2C8005897ED /* Project object */;
			proxyType = 1;
			remoteGlobalIDString = 1B895C0E20D0B2C8005897ED;
			remoteInfo = SomeKnowledge;
		};
		1B895C3320D0B2CB005897ED /* PBXContainerItemProxy */ = {
			isa = PBXContainerItemProxy;
			containerPortal = 1B895C0720D0B2C8005897ED /* Project object */;
			proxyType = 1;
			remoteGlobalIDString = 1B895C0E20D0B2C8005897ED;
			remoteInfo = SomeKnowledge;
		};
/* End PBXContainerItemProxy section */

/* Begin PBXFileReference section */
		1B39DBD923408FF3002EAD9B /* RuntimeViewController.h */ = {isa = PBXFileReference; lastKnownFileType = sourcecode.c.h; path = RuntimeViewController.h; sourceTree = "<group>"; };
		1B39DBDA23408FF3002EAD9B /* RuntimeViewController.m */ = {isa = PBXFileReference; lastKnownFileType = sourcecode.c.objc; path = RuntimeViewController.m; sourceTree = "<group>"; };
		1B39DBE0234090A2002EAD9B /* RuntimeTest.h */ = {isa = PBXFileReference; fileEncoding = 4; lastKnownFileType = sourcecode.c.h; path = RuntimeTest.h; sourceTree = "<group>"; };
		1B39DBE1234090A2002EAD9B /* RuntimeTest.m */ = {isa = PBXFileReference; fileEncoding = 4; lastKnownFileType = sourcecode.c.objc; path = RuntimeTest.m; sourceTree = "<group>"; };
		1B39DBE32341DEF8002EAD9B /* TimerViewController.h */ = {isa = PBXFileReference; lastKnownFileType = sourcecode.c.h; path = TimerViewController.h; sourceTree = "<group>"; };
		1B39DBE42341DEF8002EAD9B /* TimerViewController.m */ = {isa = PBXFileReference; lastKnownFileType = sourcecode.c.objc; path = TimerViewController.m; sourceTree = "<group>"; };
		1B39DBE52341DEF8002EAD9B /* TimerViewController.xib */ = {isa = PBXFileReference; lastKnownFileType = file.xib; path = TimerViewController.xib; sourceTree = "<group>"; };
		1B6F5AEB20D8E95E00239185 /* TestItemViewController.h */ = {isa = PBXFileReference; lastKnownFileType = sourcecode.c.h; path = TestItemViewController.h; sourceTree = "<group>"; };
		1B6F5AEC20D8E95E00239185 /* TestItemViewController.m */ = {isa = PBXFileReference; lastKnownFileType = sourcecode.c.objc; path = TestItemViewController.m; sourceTree = "<group>"; };
		1B6F5AEE20D8EA7D00239185 /* NaviToPushViewController.h */ = {isa = PBXFileReference; lastKnownFileType = sourcecode.c.h; path = NaviToPushViewController.h; sourceTree = "<group>"; };
		1B6F5AEF20D8EA7D00239185 /* NaviToPushViewController.m */ = {isa = PBXFileReference; lastKnownFileType = sourcecode.c.objc; path = NaviToPushViewController.m; sourceTree = "<group>"; };
		1B6F5AF120D8F12B00239185 /* TestItemFirshViewController.h */ = {isa = PBXFileReference; lastKnownFileType = sourcecode.c.h; path = TestItemFirshViewController.h; sourceTree = "<group>"; };
		1B6F5AF220D8F12B00239185 /* TestItemFirshViewController.m */ = {isa = PBXFileReference; lastKnownFileType = sourcecode.c.objc; path = TestItemFirshViewController.m; sourceTree = "<group>"; };
		1B895C0F20D0B2C8005897ED /* SomeKnowledge.app */ = {isa = PBXFileReference; explicitFileType = wrapper.application; includeInIndex = 0; path = SomeKnowledge.app; sourceTree = BUILT_PRODUCTS_DIR; };
		1B895C1220D0B2C8005897ED /* AppDelegate.h */ = {isa = PBXFileReference; lastKnownFileType = sourcecode.c.h; path = AppDelegate.h; sourceTree = "<group>"; };
		1B895C1320D0B2C8005897ED /* AppDelegate.m */ = {isa = PBXFileReference; lastKnownFileType = sourcecode.c.objc; path = AppDelegate.m; sourceTree = "<group>"; };
		1B895C2720D0B2CB005897ED /* SomeKnowledgeTests.xctest */ = {isa = PBXFileReference; explicitFileType = wrapper.cfbundle; includeInIndex = 0; path = SomeKnowledgeTests.xctest; sourceTree = BUILT_PRODUCTS_DIR; };
		1B895C2B20D0B2CB005897ED /* SomeKnowledgeTests.m */ = {isa = PBXFileReference; lastKnownFileType = sourcecode.c.objc; path = SomeKnowledgeTests.m; sourceTree = "<group>"; };
		1B895C2D20D0B2CB005897ED /* Info.plist */ = {isa = PBXFileReference; lastKnownFileType = text.plist.xml; path = Info.plist; sourceTree = "<group>"; };
		1B895C3220D0B2CB005897ED /* SomeKnowledgeUITests.xctest */ = {isa = PBXFileReference; explicitFileType = wrapper.cfbundle; includeInIndex = 0; path = SomeKnowledgeUITests.xctest; sourceTree = BUILT_PRODUCTS_DIR; };
		1B895C3620D0B2CB005897ED /* SomeKnowledgeUITests.m */ = {isa = PBXFileReference; lastKnownFileType = sourcecode.c.objc; path = SomeKnowledgeUITests.m; sourceTree = "<group>"; };
		1B895C3820D0B2CB005897ED /* Info.plist */ = {isa = PBXFileReference; lastKnownFileType = text.plist.xml; path = Info.plist; sourceTree = "<group>"; };
		1B895C5820D0B6D5005897ED /* KeyBoradInputViewViewController.h */ = {isa = PBXFileReference; fileEncoding = 4; lastKnownFileType = sourcecode.c.h; path = KeyBoradInputViewViewController.h; sourceTree = "<group>"; };
		1B895C5920D0B6D5005897ED /* StringViewController.m */ = {isa = PBXFileReference; fileEncoding = 4; lastKnownFileType = sourcecode.c.objc; path = StringViewController.m; sourceTree = "<group>"; };
		1B895C5A20D0B6D5005897ED /* CalendarViewController.h */ = {isa = PBXFileReference; fileEncoding = 4; lastKnownFileType = sourcecode.c.h; path = CalendarViewController.h; sourceTree = "<group>"; };
		1B895C5B20D0B6D5005897ED /* WaveViewController.h */ = {isa = PBXFileReference; fileEncoding = 4; lastKnownFileType = sourcecode.c.h; path = WaveViewController.h; sourceTree = "<group>"; };
		1B895C5C20D0B6D5005897ED /* MainViewController.m */ = {isa = PBXFileReference; fileEncoding = 4; lastKnownFileType = sourcecode.c.objc; path = MainViewController.m; sourceTree = "<group>"; };
		1B895C5D20D0B6D5005897ED /* MainViewController.h */ = {isa = PBXFileReference; fileEncoding = 4; lastKnownFileType = sourcecode.c.h; path = MainViewController.h; sourceTree = "<group>"; };
		1B895C5E20D0B6D5005897ED /* WaveViewController.m */ = {isa = PBXFileReference; fileEncoding = 4; lastKnownFileType = sourcecode.c.objc; path = WaveViewController.m; sourceTree = "<group>"; };
		1B895C5F20D0B6D5005897ED /* CalendarViewController.m */ = {isa = PBXFileReference; fileEncoding = 4; lastKnownFileType = sourcecode.c.objc; path = CalendarViewController.m; sourceTree = "<group>"; };
		1B895C6020D0B6D5005897ED /* StringViewController.h */ = {isa = PBXFileReference; fileEncoding = 4; lastKnownFileType = sourcecode.c.h; path = StringViewController.h; sourceTree = "<group>"; };
		1B895C6120D0B6D5005897ED /* KeyBoradInputViewViewController.m */ = {isa = PBXFileReference; fileEncoding = 4; lastKnownFileType = sourcecode.c.objc; path = KeyBoradInputViewViewController.m; sourceTree = "<group>"; };
		1B895C6A20D0B6F8005897ED /* FSCalendarCollectionView.m */ = {isa = PBXFileReference; fileEncoding = 4; lastKnownFileType = sourcecode.c.objc; path = FSCalendarCollectionView.m; sourceTree = "<group>"; };
		1B895C6B20D0B6F8005897ED /* FSCalendarWeekdayView.h */ = {isa = PBXFileReference; fileEncoding = 4; lastKnownFileType = sourcecode.c.h; path = FSCalendarWeekdayView.h; sourceTree = "<group>"; };
		1B895C6C20D0B6F8005897ED /* FSCalendarCollectionViewLayout.h */ = {isa = PBXFileReference; fileEncoding = 4; lastKnownFileType = sourcecode.c.h; path = FSCalendarCollectionViewLayout.h; sourceTree = "<group>"; };
		1B895C6D20D0B6F8005897ED /* FSCalendarScopeHandle.h */ = {isa = PBXFileReference; fileEncoding = 4; lastKnownFileType = sourcecode.c.h; path = FSCalendarScopeHandle.h; sourceTree = "<group>"; };
		1B895C6E20D0B6F8005897ED /* FSCalendarDelegationProxy.m */ = {isa = PBXFileReference; fileEncoding = 4; lastKnownFileType = sourcecode.c.objc; path = FSCalendarDelegationProxy.m; sourceTree = "<group>"; };
		1B895C6F20D0B6F8005897ED /* FSCalendarExtensions.h */ = {isa = PBXFileReference; fileEncoding = 4; lastKnownFileType = sourcecode.c.h; path = FSCalendarExtensions.h; sourceTree = "<group>"; };
		1B895C7020D0B6F8005897ED /* FSCalendarDelegationFactory.m */ = {isa = PBXFileReference; fileEncoding = 4; lastKnownFileType = sourcecode.c.objc; path = FSCalendarDelegationFactory.m; sourceTree = "<group>"; };
		1B895C7120D0B6F8005897ED /* FSCalendarCalculator.h */ = {isa = PBXFileReference; fileEncoding = 4; lastKnownFileType = sourcecode.c.h; path = FSCalendarCalculator.h; sourceTree = "<group>"; };
		1B895C7220D0B6F8005897ED /* FSCalendarHeaderView.h */ = {isa = PBXFileReference; fileEncoding = 4; lastKnownFileType = sourcecode.c.h; path = FSCalendarHeaderView.h; sourceTree = "<group>"; };
		1B895C7320D0B6F8005897ED /* FSCalendarConstants.h */ = {isa = PBXFileReference; fileEncoding = 4; lastKnownFileType = sourcecode.c.h; path = FSCalendarConstants.h; sourceTree = "<group>"; };
		1B895C7420D0B6F8005897ED /* FSCalendarAppearance.h */ = {isa = PBXFileReference; fileEncoding = 4; lastKnownFileType = sourcecode.c.h; path = FSCalendarAppearance.h; sourceTree = "<group>"; };
		1B895C7520D0B6F8005897ED /* FSCalendarTransitionCoordinator.h */ = {isa = PBXFileReference; fileEncoding = 4; lastKnownFileType = sourcecode.c.h; path = FSCalendarTransitionCoordinator.h; sourceTree = "<group>"; };
		1B895C7620D0B6F8005897ED /* FSCalendarCell.m */ = {isa = PBXFileReference; fileEncoding = 4; lastKnownFileType = sourcecode.c.objc; path = FSCalendarCell.m; sourceTree = "<group>"; };
		1B895C7720D0B6F8005897ED /* FSCalendarStickyHeader.m */ = {isa = PBXFileReference; fileEncoding = 4; lastKnownFileType = sourcecode.c.objc; path = FSCalendarStickyHeader.m; sourceTree = "<group>"; };
		1B895C7820D0B6F8005897ED /* FSCalendar.m */ = {isa = PBXFileReference; fileEncoding = 4; lastKnownFileType = sourcecode.c.objc; path = FSCalendar.m; sourceTree = "<group>"; };
		1B895C7920D0B6F8005897ED /* FSCalendarCollectionViewLayout.m */ = {isa = PBXFileReference; fileEncoding = 4; lastKnownFileType = sourcecode.c.objc; path = FSCalendarCollectionViewLayout.m; sourceTree = "<group>"; };
		1B895C7A20D0B6F8005897ED /* FSCalendarScopeHandle.m */ = {isa = PBXFileReference; fileEncoding = 4; lastKnownFileType = sourcecode.c.objc; path = FSCalendarScopeHandle.m; sourceTree = "<group>"; };
		1B895C7B20D0B6F8005897ED /* FSCalendarWeekdayView.m */ = {isa = PBXFileReference; fileEncoding = 4; lastKnownFileType = sourcecode.c.objc; path = FSCalendarWeekdayView.m; sourceTree = "<group>"; };
		1B895C7C20D0B6F8005897ED /* FSCalendarCollectionView.h */ = {isa = PBXFileReference; fileEncoding = 4; lastKnownFileType = sourcecode.c.h; path = FSCalendarCollectionView.h; sourceTree = "<group>"; };
		1B895C7D20D0B6F8005897ED /* FSCalendarDynamicHeader.h */ = {isa = PBXFileReference; fileEncoding = 4; lastKnownFileType = sourcecode.c.h; path = FSCalendarDynamicHeader.h; sourceTree = "<group>"; };
		1B895C7E20D0B6F8005897ED /* FSCalendarDelegationFactory.h */ = {isa = PBXFileReference; fileEncoding = 4; lastKnownFileType = sourcecode.c.h; path = FSCalendarDelegationFactory.h; sourceTree = "<group>"; };
		1B895C7F20D0B6F8005897ED /* FSCalendarExtensions.m */ = {isa = PBXFileReference; fileEncoding = 4; lastKnownFileType = sourcecode.c.objc; path = FSCalendarExtensions.m; sourceTree = "<group>"; };
		1B895C8020D0B6F8005897ED /* FSCalendarDelegationProxy.h */ = {isa = PBXFileReference; fileEncoding = 4; lastKnownFileType = sourcecode.c.h; path = FSCalendarDelegationProxy.h; sourceTree = "<group>"; };
		1B895C8120D0B6F8005897ED /* FSCalendar+Deprecated.m */ = {isa = PBXFileReference; fileEncoding = 4; lastKnownFileType = sourcecode.c.objc; path = "FSCalendar+Deprecated.m"; sourceTree = "<group>"; };
		1B895C8220D0B6F8005897ED /* FSCalendarConstants.m */ = {isa = PBXFileReference; fileEncoding = 4; lastKnownFileType = sourcecode.c.objc; path = FSCalendarConstants.m; sourceTree = "<group>"; };
		1B895C8320D0B6F8005897ED /* FSCalendarCalculator.m */ = {isa = PBXFileReference; fileEncoding = 4; lastKnownFileType = sourcecode.c.objc; path = FSCalendarCalculator.m; sourceTree = "<group>"; };
		1B895C8420D0B6F8005897ED /* FSCalendarHeaderView.m */ = {isa = PBXFileReference; fileEncoding = 4; lastKnownFileType = sourcecode.c.objc; path = FSCalendarHeaderView.m; sourceTree = "<group>"; };
		1B895C8520D0B6F8005897ED /* FSCalendarStickyHeader.h */ = {isa = PBXFileReference; fileEncoding = 4; lastKnownFileType = sourcecode.c.h; path = FSCalendarStickyHeader.h; sourceTree = "<group>"; };
		1B895C8620D0B6F8005897ED /* FSCalendar.h */ = {isa = PBXFileReference; fileEncoding = 4; lastKnownFileType = sourcecode.c.h; path = FSCalendar.h; sourceTree = "<group>"; };
		1B895C8720D0B6F8005897ED /* FSCalendarCell.h */ = {isa = PBXFileReference; fileEncoding = 4; lastKnownFileType = sourcecode.c.h; path = FSCalendarCell.h; sourceTree = "<group>"; };
		1B895C8820D0B6F8005897ED /* FSCalendarTransitionCoordinator.m */ = {isa = PBXFileReference; fileEncoding = 4; lastKnownFileType = sourcecode.c.objc; path = FSCalendarTransitionCoordinator.m; sourceTree = "<group>"; };
		1B895C8920D0B6F8005897ED /* Info.plist */ = {isa = PBXFileReference; fileEncoding = 4; lastKnownFileType = text.plist.xml; path = Info.plist; sourceTree = "<group>"; };
		1B895C8A20D0B6F8005897ED /* FSCalendarAppearance.m */ = {isa = PBXFileReference; fileEncoding = 4; lastKnownFileType = sourcecode.c.objc; path = FSCalendarAppearance.m; sourceTree = "<group>"; };
		1B895C9D20D0B7E5005897ED /* ECLTimePickView.h */ = {isa = PBXFileReference; fileEncoding = 4; lastKnownFileType = sourcecode.c.h; path = ECLTimePickView.h; sourceTree = "<group>"; };
		1B895C9E20D0B7E5005897ED /* ECLStandardCalendar.m */ = {isa = PBXFileReference; fileEncoding = 4; lastKnownFileType = sourcecode.c.objc; path = ECLStandardCalendar.m; sourceTree = "<group>"; };
		1B895C9F20D0B7E5005897ED /* ECLTimeCell.xib */ = {isa = PBXFileReference; fileEncoding = 4; lastKnownFileType = file.xib; path = ECLTimeCell.xib; sourceTree = "<group>"; };
		1B895CA020D0B7E5005897ED /* ECLExtendCalendar.m */ = {isa = PBXFileReference; fileEncoding = 4; lastKnownFileType = sourcecode.c.objc; path = ECLExtendCalendar.m; sourceTree = "<group>"; };
		1B895CA120D0B7E5005897ED /* ECLTimeCell.h */ = {isa = PBXFileReference; fileEncoding = 4; lastKnownFileType = sourcecode.c.h; path = ECLTimeCell.h; sourceTree = "<group>"; };
		1B895CA220D0B7E5005897ED /* ECLCalendar.h */ = {isa = PBXFileReference; fileEncoding = 4; lastKnownFileType = sourcecode.c.h; path = ECLCalendar.h; sourceTree = "<group>"; };
		1B895CA320D0B7E5005897ED /* ECLStandardCalendar.h */ = {isa = PBXFileReference; fileEncoding = 4; lastKnownFileType = sourcecode.c.h; path = ECLStandardCalendar.h; sourceTree = "<group>"; };
		1B895CA420D0B7E5005897ED /* ECLTimePickView.m */ = {isa = PBXFileReference; fileEncoding = 4; lastKnownFileType = sourcecode.c.objc; path = ECLTimePickView.m; sourceTree = "<group>"; };
		1B895CA520D0B7E5005897ED /* ECLCalendarProtocol.h */ = {isa = PBXFileReference; fileEncoding = 4; lastKnownFileType = sourcecode.c.h; path = ECLCalendarProtocol.h; sourceTree = "<group>"; };
		1B895CA620D0B7E5005897ED /* ECLExtendCalendar.h */ = {isa = PBXFileReference; fileEncoding = 4; lastKnownFileType = sourcecode.c.h; path = ECLExtendCalendar.h; sourceTree = "<group>"; };
		1B895CA720D0B7E5005897ED /* ECLTimeCell.m */ = {isa = PBXFileReference; fileEncoding = 4; lastKnownFileType = sourcecode.c.objc; path = ECLTimeCell.m; sourceTree = "<group>"; };
		1B895CAD20D0B967005897ED /* MainListCell.h */ = {isa = PBXFileReference; lastKnownFileType = sourcecode.c.h; path = MainListCell.h; sourceTree = "<group>"; };
		1B895CAE20D0B967005897ED /* MainListCell.m */ = {isa = PBXFileReference; lastKnownFileType = sourcecode.c.objc; path = MainListCell.m; sourceTree = "<group>"; };
		1B895CB020D0BDDF005897ED /* LocateNotifiyAndSyncCalendarEventViewController.h */ = {isa = PBXFileReference; lastKnownFileType = sourcecode.c.h; path = LocateNotifiyAndSyncCalendarEventViewController.h; sourceTree = "<group>"; };
		1B895CB120D0BDDF005897ED /* LocateNotifiyAndSyncCalendarEventViewController.m */ = {isa = PBXFileReference; lastKnownFileType = sourcecode.c.objc; path = LocateNotifiyAndSyncCalendarEventViewController.m; sourceTree = "<group>"; };
		1B895CB320D0BE03005897ED /* BaseViewController.h */ = {isa = PBXFileReference; lastKnownFileType = sourcecode.c.h; path = BaseViewController.h; sourceTree = "<group>"; };
		1B895CB420D0BE03005897ED /* BaseViewController.m */ = {isa = PBXFileReference; lastKnownFileType = sourcecode.c.objc; path = BaseViewController.m; sourceTree = "<group>"; };
		1B895CBC20D0C04F005897ED /* Info.plist */ = {isa = PBXFileReference; fileEncoding = 4; lastKnownFileType = text.plist.xml; name = Info.plist; path = SomeKnowledge/Info.plist; sourceTree = SOURCE_ROOT; };
		1B895CBD20D0C04F005897ED /* Assets.xcassets */ = {isa = PBXFileReference; lastKnownFileType = folder.assetcatalog; name = Assets.xcassets; path = SomeKnowledge/Assets.xcassets; sourceTree = SOURCE_ROOT; };
		1B895CBE20D0C050005897ED /* main.m */ = {isa = PBXFileReference; fileEncoding = 4; lastKnownFileType = sourcecode.c.objc; name = main.m; path = SomeKnowledge/main.m; sourceTree = SOURCE_ROOT; };
		1B895CBF20D0C050005897ED /* SKPrefixHeader.pch */ = {isa = PBXFileReference; fileEncoding = 4; lastKnownFileType = sourcecode.c.h; name = SKPrefixHeader.pch; path = SomeKnowledge/SKPrefixHeader.pch; sourceTree = SOURCE_ROOT; };
		1B895CC220D0C050005897ED /* Base */ = {isa = PBXFileReference; lastKnownFileType = file.storyboard; name = Base; path = LaunchScreen.storyboard; sourceTree = "<group>"; };
		1B895CC420D0C050005897ED /* Base */ = {isa = PBXFileReference; lastKnownFileType = file.storyboard; name = Base; path = Main.storyboard; sourceTree = "<group>"; };
		1B895CCB20D0C621005897ED /* UIView+Ext.h */ = {isa = PBXFileReference; lastKnownFileType = sourcecode.c.h; path = "UIView+Ext.h"; sourceTree = "<group>"; };
		1B895CCC20D0C621005897ED /* UIView+Ext.m */ = {isa = PBXFileReference; lastKnownFileType = sourcecode.c.objc; path = "UIView+Ext.m"; sourceTree = "<group>"; };
		1B895CCE20D0E5F3005897ED /* WaveView.h */ = {isa = PBXFileReference; lastKnownFileType = sourcecode.c.h; path = WaveView.h; sourceTree = "<group>"; };
		1B895CCF20D0E5F3005897ED /* WaveView.m */ = {isa = PBXFileReference; lastKnownFileType = sourcecode.c.objc; path = WaveView.m; sourceTree = "<group>"; };
		1BDA3897242E01F900BB9E34 /* Person.h */ = {isa = PBXFileReference; lastKnownFileType = sourcecode.c.h; path = Person.h; sourceTree = "<group>"; };
		1BDA3898242E01F900BB9E34 /* Person.m */ = {isa = PBXFileReference; lastKnownFileType = sourcecode.c.objc; path = Person.m; sourceTree = "<group>"; };
		1BDA389A242E020D00BB9E34 /* Student.h */ = {isa = PBXFileReference; lastKnownFileType = sourcecode.c.h; path = Student.h; sourceTree = "<group>"; };
		1BDA389B242E020D00BB9E34 /* Student.m */ = {isa = PBXFileReference; lastKnownFileType = sourcecode.c.objc; path = Student.m; sourceTree = "<group>"; };
		1BDA389D242F3C9700BB9E34 /* Person+Addtion.h */ = {isa = PBXFileReference; lastKnownFileType = sourcecode.c.h; path = "Person+Addtion.h"; sourceTree = "<group>"; };
		1BDA389E242F3C9700BB9E34 /* Person+Addtion.m */ = {isa = PBXFileReference; lastKnownFileType = sourcecode.c.objc; path = "Person+Addtion.m"; sourceTree = "<group>"; };
		1BDA38A0242F726300BB9E34 /* NSObject+Test.h */ = {isa = PBXFileReference; lastKnownFileType = sourcecode.c.h; path = "NSObject+Test.h"; sourceTree = "<group>"; };
		1BDA38A1242F726300BB9E34 /* NSObject+Test.m */ = {isa = PBXFileReference; lastKnownFileType = sourcecode.c.objc; path = "NSObject+Test.m"; sourceTree = "<group>"; };
		1BDA39092435D70500BB9E34 /* Worker.h */ = {isa = PBXFileReference; lastKnownFileType = sourcecode.c.h; path = Worker.h; sourceTree = "<group>"; };
		1BDA390A2435D70600BB9E34 /* Worker.m */ = {isa = PBXFileReference; lastKnownFileType = sourcecode.c.objc; path = Worker.m; sourceTree = "<group>"; };
		1BDA390C2435D72200BB9E34 /* Teacher.h */ = {isa = PBXFileReference; lastKnownFileType = sourcecode.c.h; path = Teacher.h; sourceTree = "<group>"; };
		1BDA390D2435D72200BB9E34 /* Teacher.m */ = {isa = PBXFileReference; lastKnownFileType = sourcecode.c.objc; path = Teacher.m; sourceTree = "<group>"; };
		1BDA390F243C507200BB9E34 /* HJProxy.h */ = {isa = PBXFileReference; lastKnownFileType = sourcecode.c.h; path = HJProxy.h; sourceTree = "<group>"; };
		1BDA3910243C507200BB9E34 /* HJProxy.m */ = {isa = PBXFileReference; lastKnownFileType = sourcecode.c.objc; path = HJProxy.m; sourceTree = "<group>"; };
		1BDA3912243C57B000BB9E34 /* GCDViewController.h */ = {isa = PBXFileReference; lastKnownFileType = sourcecode.c.h; path = GCDViewController.h; sourceTree = "<group>"; };
		1BDA3913243C57B000BB9E34 /* GCDViewController.m */ = {isa = PBXFileReference; lastKnownFileType = sourcecode.c.objc; path = GCDViewController.m; sourceTree = "<group>"; };
		1BDA3915243C57BD00BB9E34 /* NSOperationViewController.h */ = {isa = PBXFileReference; lastKnownFileType = sourcecode.c.h; path = NSOperationViewController.h; sourceTree = "<group>"; };
		1BDA3916243C57BD00BB9E34 /* NSOperationViewController.m */ = {isa = PBXFileReference; lastKnownFileType = sourcecode.c.objc; path = NSOperationViewController.m; sourceTree = "<group>"; };
		1BDA3918243C582300BB9E34 /* NSThreadViewController.h */ = {isa = PBXFileReference; lastKnownFileType = sourcecode.c.h; path = NSThreadViewController.h; sourceTree = "<group>"; };
		1BDA3919243C582300BB9E34 /* NSThreadViewController.m */ = {isa = PBXFileReference; lastKnownFileType = sourcecode.c.objc; path = NSThreadViewController.m; sourceTree = "<group>"; };
		1BDA391C243C627500BB9E34 /* FMDatabase.h */ = {isa = PBXFileReference; fileEncoding = 4; lastKnownFileType = sourcecode.c.h; path = FMDatabase.h; sourceTree = "<group>"; };
		1BDA391D243C627500BB9E34 /* FMDatabaseQueue.m */ = {isa = PBXFileReference; fileEncoding = 4; lastKnownFileType = sourcecode.c.objc; path = FMDatabaseQueue.m; sourceTree = "<group>"; };
		1BDA391E243C627500BB9E34 /* FMResultSet.h */ = {isa = PBXFileReference; fileEncoding = 4; lastKnownFileType = sourcecode.c.h; path = FMResultSet.h; sourceTree = "<group>"; };
		1BDA391F243C627500BB9E34 /* FMDatabasePool.h */ = {isa = PBXFileReference; fileEncoding = 4; lastKnownFileType = sourcecode.c.h; path = FMDatabasePool.h; sourceTree = "<group>"; };
		1BDA3920243C627500BB9E34 /* FMDatabaseAdditions.m */ = {isa = PBXFileReference; fileEncoding = 4; lastKnownFileType = sourcecode.c.objc; path = FMDatabaseAdditions.m; sourceTree = "<group>"; };
		1BDA3921243C627500BB9E34 /* FMDatabase.m */ = {isa = PBXFileReference; fileEncoding = 4; lastKnownFileType = sourcecode.c.objc; path = FMDatabase.m; sourceTree = "<group>"; };
		1BDA3922243C627500BB9E34 /* FMDatabaseQueue.h */ = {isa = PBXFileReference; fileEncoding = 4; lastKnownFileType = sourcecode.c.h; path = FMDatabaseQueue.h; sourceTree = "<group>"; };
		1BDA3923243C627500BB9E34 /* FMDB.h */ = {isa = PBXFileReference; fileEncoding = 4; lastKnownFileType = sourcecode.c.h; path = FMDB.h; sourceTree = "<group>"; };
		1BDA3924243C627500BB9E34 /* FMDatabaseAdditions.h */ = {isa = PBXFileReference; fileEncoding = 4; lastKnownFileType = sourcecode.c.h; path = FMDatabaseAdditions.h; sourceTree = "<group>"; };
		1BDA3925243C627500BB9E34 /* FMDatabasePool.m */ = {isa = PBXFileReference; fileEncoding = 4; lastKnownFileType = sourcecode.c.objc; path = FMDatabasePool.m; sourceTree = "<group>"; };
		1BDA3926243C627500BB9E34 /* FMResultSet.m */ = {isa = PBXFileReference; fileEncoding = 4; lastKnownFileType = sourcecode.c.objc; path = FMResultSet.m; sourceTree = "<group>"; };
		1BDA3927243C627500BB9E34 /* Info.plist */ = {isa = PBXFileReference; fileEncoding = 4; lastKnownFileType = text.plist.xml; path = Info.plist; sourceTree = "<group>"; };
		1BDA392F243C62C500BB9E34 /* YTKKeyValueStore.m */ = {isa = PBXFileReference; fileEncoding = 4; lastKnownFileType = sourcecode.c.objc; path = YTKKeyValueStore.m; sourceTree = "<group>"; };
		1BDA3930243C62C500BB9E34 /* YTKKeyValueStore.h */ = {isa = PBXFileReference; fileEncoding = 4; lastKnownFileType = sourcecode.c.h; path = YTKKeyValueStore.h; sourceTree = "<group>"; };
		1BDA3932243C62D900BB9E34 /* FMDBViewController.h */ = {isa = PBXFileReference; lastKnownFileType = sourcecode.c.h; path = FMDBViewController.h; sourceTree = "<group>"; };
		1BDA3933243C62D900BB9E34 /* FMDBViewController.m */ = {isa = PBXFileReference; lastKnownFileType = sourcecode.c.objc; path = FMDBViewController.m; sourceTree = "<group>"; };
/* End PBXFileReference section */

/* Begin PBXFrameworksBuildPhase section */
		1B895C0C20D0B2C8005897ED /* Frameworks */ = {
			isa = PBXFrameworksBuildPhase;
			buildActionMask = 2147483647;
			files = (
			);
			runOnlyForDeploymentPostprocessing = 0;
		};
		1B895C2420D0B2CB005897ED /* Frameworks */ = {
			isa = PBXFrameworksBuildPhase;
			buildActionMask = 2147483647;
			files = (
			);
			runOnlyForDeploymentPostprocessing = 0;
		};
		1B895C2F20D0B2CB005897ED /* Frameworks */ = {
			isa = PBXFrameworksBuildPhase;
			buildActionMask = 2147483647;
			files = (
			);
			runOnlyForDeploymentPostprocessing = 0;
		};
/* End PBXFrameworksBuildPhase section */

/* Begin PBXGroup section */
		1B39DBDF234090A2002EAD9B /* Model */ = {
			isa = PBXGroup;
			children = (
				1B39DBE0234090A2002EAD9B /* RuntimeTest.h */,
				1B39DBE1234090A2002EAD9B /* RuntimeTest.m */,
				1BDA3897242E01F900BB9E34 /* Person.h */,
				1BDA3898242E01F900BB9E34 /* Person.m */,
				1BDA39092435D70500BB9E34 /* Worker.h */,
				1BDA390A2435D70600BB9E34 /* Worker.m */,
				1BDA390C2435D72200BB9E34 /* Teacher.h */,
				1BDA390D2435D72200BB9E34 /* Teacher.m */,
				1BDA38A0242F726300BB9E34 /* NSObject+Test.h */,
				1BDA38A1242F726300BB9E34 /* NSObject+Test.m */,
				1BDA389D242F3C9700BB9E34 /* Person+Addtion.h */,
				1BDA389E242F3C9700BB9E34 /* Person+Addtion.m */,
				1BDA389A242E020D00BB9E34 /* Student.h */,
				1BDA389B242E020D00BB9E34 /* Student.m */,
				1BDA390F243C507200BB9E34 /* HJProxy.h */,
				1BDA3910243C507200BB9E34 /* HJProxy.m */,
			);
			path = Model;
			sourceTree = "<group>";
		};
		1B895C0620D0B2C8005897ED = {
			isa = PBXGroup;
			children = (
				1B895C1120D0B2C8005897ED /* SomeKnowledge */,
				1B895C2A20D0B2CB005897ED /* SomeKnowledgeTests */,
				1B895C3520D0B2CB005897ED /* SomeKnowledgeUITests */,
				1B895C1020D0B2C8005897ED /* Products */,
			);
			sourceTree = "<group>";
		};
		1B895C1020D0B2C8005897ED /* Products */ = {
			isa = PBXGroup;
			children = (
				1B895C0F20D0B2C8005897ED /* SomeKnowledge.app */,
				1B895C2720D0B2CB005897ED /* SomeKnowledgeTests.xctest */,
				1B895C3220D0B2CB005897ED /* SomeKnowledgeUITests.xctest */,
			);
			name = Products;
			sourceTree = "<group>";
		};
		1B895C1120D0B2C8005897ED /* SomeKnowledge */ = {
			isa = PBXGroup;
			children = (
				1B895CCA20D0C5C8005897ED /* Utils */,
				1B895CB820D0BF9E005897ED /* Main */,
				1B895C6220D0B6D5005897ED /* 3rd */,
				1B895C5720D0B6D5005897ED /* Controller */,
				1B895C6320D0B6D5005897ED /* View */,
				1B39DBDF234090A2002EAD9B /* Model */,
				1B895CBB20D0C030005897ED /* Supporting Files */,
			);
			path = SomeKnowledge;
			sourceTree = "<group>";
		};
		1B895C2A20D0B2CB005897ED /* SomeKnowledgeTests */ = {
			isa = PBXGroup;
			children = (
				1B895C2B20D0B2CB005897ED /* SomeKnowledgeTests.m */,
				1B895C2D20D0B2CB005897ED /* Info.plist */,
			);
			path = SomeKnowledgeTests;
			sourceTree = "<group>";
		};
		1B895C3520D0B2CB005897ED /* SomeKnowledgeUITests */ = {
			isa = PBXGroup;
			children = (
				1B895C3620D0B2CB005897ED /* SomeKnowledgeUITests.m */,
				1B895C3820D0B2CB005897ED /* Info.plist */,
			);
			path = SomeKnowledgeUITests;
			sourceTree = "<group>";
		};
		1B895C5720D0B6D5005897ED /* Controller */ = {
			isa = PBXGroup;
			children = (
				1B895C5820D0B6D5005897ED /* KeyBoradInputViewViewController.h */,
				1B895C6120D0B6D5005897ED /* KeyBoradInputViewViewController.m */,
				1B895C6020D0B6D5005897ED /* StringViewController.h */,
				1B895C5920D0B6D5005897ED /* StringViewController.m */,
				1B895C5A20D0B6D5005897ED /* CalendarViewController.h */,
				1B895C5F20D0B6D5005897ED /* CalendarViewController.m */,
				1B895CB020D0BDDF005897ED /* LocateNotifiyAndSyncCalendarEventViewController.h */,
				1B895CB120D0BDDF005897ED /* LocateNotifiyAndSyncCalendarEventViewController.m */,
				1B895C5B20D0B6D5005897ED /* WaveViewController.h */,
				1B895C5E20D0B6D5005897ED /* WaveViewController.m */,
				1B895C5D20D0B6D5005897ED /* MainViewController.h */,
				1B895C5C20D0B6D5005897ED /* MainViewController.m */,
				1B6F5AEE20D8EA7D00239185 /* NaviToPushViewController.h */,
				1B6F5AEF20D8EA7D00239185 /* NaviToPushViewController.m */,
				1B6F5AEB20D8E95E00239185 /* TestItemViewController.h */,
				1B6F5AEC20D8E95E00239185 /* TestItemViewController.m */,
				1B6F5AF120D8F12B00239185 /* TestItemFirshViewController.h */,
				1B6F5AF220D8F12B00239185 /* TestItemFirshViewController.m */,
				1B895CB320D0BE03005897ED /* BaseViewController.h */,
				1B895CB420D0BE03005897ED /* BaseViewController.m */,
				1B39DBD923408FF3002EAD9B /* RuntimeViewController.h */,
				1B39DBDA23408FF3002EAD9B /* RuntimeViewController.m */,
				1B39DBE32341DEF8002EAD9B /* TimerViewController.h */,
				1B39DBE42341DEF8002EAD9B /* TimerViewController.m */,
				1B39DBE52341DEF8002EAD9B /* TimerViewController.xib */,
				1BDA3912243C57B000BB9E34 /* GCDViewController.h */,
				1BDA3913243C57B000BB9E34 /* GCDViewController.m */,
				1BDA3915243C57BD00BB9E34 /* NSOperationViewController.h */,
				1BDA3916243C57BD00BB9E34 /* NSOperationViewController.m */,
				1BDA3918243C582300BB9E34 /* NSThreadViewController.h */,
				1BDA3919243C582300BB9E34 /* NSThreadViewController.m */,
				1BDA3932243C62D900BB9E34 /* FMDBViewController.h */,
				1BDA3933243C62D900BB9E34 /* FMDBViewController.m */,
			);
			path = Controller;
			sourceTree = "<group>";
		};
		1B895C6220D0B6D5005897ED /* 3rd */ = {
			isa = PBXGroup;
			children = (
				1BDA392E243C62C500BB9E34 /* YTKKeyValueStore */,
				1BDA391B243C627500BB9E34 /* fmdb */,
				1B895C6920D0B6F8005897ED /* FSCalendar */,
			);
			path = 3rd;
			sourceTree = "<group>";
		};
		1B895C6320D0B6D5005897ED /* View */ = {
			isa = PBXGroup;
			children = (
				1B895C9C20D0B7E5005897ED /* ECLCalendar */,
				1B895CAD20D0B967005897ED /* MainListCell.h */,
				1B895CAE20D0B967005897ED /* MainListCell.m */,
				1B895CCE20D0E5F3005897ED /* WaveView.h */,
				1B895CCF20D0E5F3005897ED /* WaveView.m */,
			);
			path = View;
			sourceTree = "<group>";
		};
		1B895C6920D0B6F8005897ED /* FSCalendar */ = {
			isa = PBXGroup;
			children = (
				1B895C6A20D0B6F8005897ED /* FSCalendarCollectionView.m */,
				1B895C6B20D0B6F8005897ED /* FSCalendarWeekdayView.h */,
				1B895C6C20D0B6F8005897ED /* FSCalendarCollectionViewLayout.h */,
				1B895C6D20D0B6F8005897ED /* FSCalendarScopeHandle.h */,
				1B895C6E20D0B6F8005897ED /* FSCalendarDelegationProxy.m */,
				1B895C6F20D0B6F8005897ED /* FSCalendarExtensions.h */,
				1B895C7020D0B6F8005897ED /* FSCalendarDelegationFactory.m */,
				1B895C7120D0B6F8005897ED /* FSCalendarCalculator.h */,
				1B895C7220D0B6F8005897ED /* FSCalendarHeaderView.h */,
				1B895C7320D0B6F8005897ED /* FSCalendarConstants.h */,
				1B895C7420D0B6F8005897ED /* FSCalendarAppearance.h */,
				1B895C7520D0B6F8005897ED /* FSCalendarTransitionCoordinator.h */,
				1B895C7620D0B6F8005897ED /* FSCalendarCell.m */,
				1B895C7720D0B6F8005897ED /* FSCalendarStickyHeader.m */,
				1B895C7820D0B6F8005897ED /* FSCalendar.m */,
				1B895C7920D0B6F8005897ED /* FSCalendarCollectionViewLayout.m */,
				1B895C7A20D0B6F8005897ED /* FSCalendarScopeHandle.m */,
				1B895C7B20D0B6F8005897ED /* FSCalendarWeekdayView.m */,
				1B895C7C20D0B6F8005897ED /* FSCalendarCollectionView.h */,
				1B895C7D20D0B6F8005897ED /* FSCalendarDynamicHeader.h */,
				1B895C7E20D0B6F8005897ED /* FSCalendarDelegationFactory.h */,
				1B895C7F20D0B6F8005897ED /* FSCalendarExtensions.m */,
				1B895C8020D0B6F8005897ED /* FSCalendarDelegationProxy.h */,
				1B895C8120D0B6F8005897ED /* FSCalendar+Deprecated.m */,
				1B895C8220D0B6F8005897ED /* FSCalendarConstants.m */,
				1B895C8320D0B6F8005897ED /* FSCalendarCalculator.m */,
				1B895C8420D0B6F8005897ED /* FSCalendarHeaderView.m */,
				1B895C8520D0B6F8005897ED /* FSCalendarStickyHeader.h */,
				1B895C8620D0B6F8005897ED /* FSCalendar.h */,
				1B895C8720D0B6F8005897ED /* FSCalendarCell.h */,
				1B895C8820D0B6F8005897ED /* FSCalendarTransitionCoordinator.m */,
				1B895C8920D0B6F8005897ED /* Info.plist */,
				1B895C8A20D0B6F8005897ED /* FSCalendarAppearance.m */,
			);
			path = FSCalendar;
			sourceTree = "<group>";
		};
		1B895C9C20D0B7E5005897ED /* ECLCalendar */ = {
			isa = PBXGroup;
			children = (
				1B895C9D20D0B7E5005897ED /* ECLTimePickView.h */,
				1B895C9E20D0B7E5005897ED /* ECLStandardCalendar.m */,
				1B895C9F20D0B7E5005897ED /* ECLTimeCell.xib */,
				1B895CA020D0B7E5005897ED /* ECLExtendCalendar.m */,
				1B895CA120D0B7E5005897ED /* ECLTimeCell.h */,
				1B895CA220D0B7E5005897ED /* ECLCalendar.h */,
				1B895CA320D0B7E5005897ED /* ECLStandardCalendar.h */,
				1B895CA420D0B7E5005897ED /* ECLTimePickView.m */,
				1B895CA520D0B7E5005897ED /* ECLCalendarProtocol.h */,
				1B895CA620D0B7E5005897ED /* ECLExtendCalendar.h */,
				1B895CA720D0B7E5005897ED /* ECLTimeCell.m */,
			);
			path = ECLCalendar;
			sourceTree = "<group>";
		};
		1B895CB820D0BF9E005897ED /* Main */ = {
			isa = PBXGroup;
			children = (
				1B895C1220D0B2C8005897ED /* AppDelegate.h */,
				1B895C1320D0B2C8005897ED /* AppDelegate.m */,
			);
			path = Main;
			sourceTree = "<group>";
		};
		1B895CBB20D0C030005897ED /* Supporting Files */ = {
			isa = PBXGroup;
			children = (
				1B895CBD20D0C04F005897ED /* Assets.xcassets */,
				1B895CC020D0C050005897ED /* Base.lproj */,
				1B895CBC20D0C04F005897ED /* Info.plist */,
				1B895CBE20D0C050005897ED /* main.m */,
				1B895CBF20D0C050005897ED /* SKPrefixHeader.pch */,
			);
			path = "Supporting Files";
			sourceTree = "<group>";
		};
		1B895CC020D0C050005897ED /* Base.lproj */ = {
			isa = PBXGroup;
			children = (
				1B895CC120D0C050005897ED /* LaunchScreen.storyboard */,
				1B895CC320D0C050005897ED /* Main.storyboard */,
			);
			name = Base.lproj;
			path = SomeKnowledge/Base.lproj;
			sourceTree = SOURCE_ROOT;
		};
		1B895CCA20D0C5C8005897ED /* Utils */ = {
			isa = PBXGroup;
			children = (
				1B895CCB20D0C621005897ED /* UIView+Ext.h */,
				1B895CCC20D0C621005897ED /* UIView+Ext.m */,
			);
			path = Utils;
			sourceTree = "<group>";
		};
		1BDA391B243C627500BB9E34 /* fmdb */ = {
			isa = PBXGroup;
			children = (
				1BDA391C243C627500BB9E34 /* FMDatabase.h */,
				1BDA391D243C627500BB9E34 /* FMDatabaseQueue.m */,
				1BDA391E243C627500BB9E34 /* FMResultSet.h */,
				1BDA391F243C627500BB9E34 /* FMDatabasePool.h */,
				1BDA3920243C627500BB9E34 /* FMDatabaseAdditions.m */,
				1BDA3921243C627500BB9E34 /* FMDatabase.m */,
				1BDA3922243C627500BB9E34 /* FMDatabaseQueue.h */,
				1BDA3923243C627500BB9E34 /* FMDB.h */,
				1BDA3924243C627500BB9E34 /* FMDatabaseAdditions.h */,
				1BDA3925243C627500BB9E34 /* FMDatabasePool.m */,
				1BDA3926243C627500BB9E34 /* FMResultSet.m */,
				1BDA3927243C627500BB9E34 /* Info.plist */,
			);
			path = fmdb;
			sourceTree = "<group>";
		};
		1BDA392E243C62C500BB9E34 /* YTKKeyValueStore */ = {
			isa = PBXGroup;
			children = (
				1BDA392F243C62C500BB9E34 /* YTKKeyValueStore.m */,
				1BDA3930243C62C500BB9E34 /* YTKKeyValueStore.h */,
			);
			path = YTKKeyValueStore;
			sourceTree = "<group>";
		};
/* End PBXGroup section */

/* Begin PBXNativeTarget section */
		1B895C0E20D0B2C8005897ED /* SomeKnowledge */ = {
			isa = PBXNativeTarget;
			buildConfigurationList = 1B895C3B20D0B2CB005897ED /* Build configuration list for PBXNativeTarget "SomeKnowledge" */;
			buildPhases = (
				1B895C0B20D0B2C8005897ED /* Sources */,
				1B895C0C20D0B2C8005897ED /* Frameworks */,
				1B895C0D20D0B2C8005897ED /* Resources */,
			);
			buildRules = (
			);
			dependencies = (
			);
			name = SomeKnowledge;
			productName = SomeKnowledge;
			productReference = 1B895C0F20D0B2C8005897ED /* SomeKnowledge.app */;
			productType = "com.apple.product-type.application";
		};
		1B895C2620D0B2CB005897ED /* SomeKnowledgeTests */ = {
			isa = PBXNativeTarget;
			buildConfigurationList = 1B895C3E20D0B2CB005897ED /* Build configuration list for PBXNativeTarget "SomeKnowledgeTests" */;
			buildPhases = (
				1B895C2320D0B2CB005897ED /* Sources */,
				1B895C2420D0B2CB005897ED /* Frameworks */,
				1B895C2520D0B2CB005897ED /* Resources */,
			);
			buildRules = (
			);
			dependencies = (
				1B895C2920D0B2CB005897ED /* PBXTargetDependency */,
			);
			name = SomeKnowledgeTests;
			productName = SomeKnowledgeTests;
			productReference = 1B895C2720D0B2CB005897ED /* SomeKnowledgeTests.xctest */;
			productType = "com.apple.product-type.bundle.unit-test";
		};
		1B895C3120D0B2CB005897ED /* SomeKnowledgeUITests */ = {
			isa = PBXNativeTarget;
			buildConfigurationList = 1B895C4120D0B2CB005897ED /* Build configuration list for PBXNativeTarget "SomeKnowledgeUITests" */;
			buildPhases = (
				1B895C2E20D0B2CB005897ED /* Sources */,
				1B895C2F20D0B2CB005897ED /* Frameworks */,
				1B895C3020D0B2CB005897ED /* Resources */,
			);
			buildRules = (
			);
			dependencies = (
				1B895C3420D0B2CB005897ED /* PBXTargetDependency */,
			);
			name = SomeKnowledgeUITests;
			productName = SomeKnowledgeUITests;
			productReference = 1B895C3220D0B2CB005897ED /* SomeKnowledgeUITests.xctest */;
			productType = "com.apple.product-type.bundle.ui-testing";
		};
/* End PBXNativeTarget section */

/* Begin PBXProject section */
		1B895C0720D0B2C8005897ED /* Project object */ = {
			isa = PBXProject;
			attributes = {
				LastUpgradeCheck = 1130;
				ORGANIZATIONNAME = HuangJin;
				TargetAttributes = {
					1B895C0E20D0B2C8005897ED = {
						CreatedOnToolsVersion = 9.3.1;
					};
					1B895C2620D0B2CB005897ED = {
						CreatedOnToolsVersion = 9.3.1;
						TestTargetID = 1B895C0E20D0B2C8005897ED;
					};
					1B895C3120D0B2CB005897ED = {
						CreatedOnToolsVersion = 9.3.1;
						TestTargetID = 1B895C0E20D0B2C8005897ED;
					};
				};
			};
			buildConfigurationList = 1B895C0A20D0B2C8005897ED /* Build configuration list for PBXProject "SomeKnowledge" */;
			compatibilityVersion = "Xcode 9.3";
			developmentRegion = en;
			hasScannedForEncodings = 0;
			knownRegions = (
				en,
				Base,
			);
			mainGroup = 1B895C0620D0B2C8005897ED;
			productRefGroup = 1B895C1020D0B2C8005897ED /* Products */;
			projectDirPath = "";
			projectRoot = "";
			targets = (
				1B895C0E20D0B2C8005897ED /* SomeKnowledge */,
				1B895C2620D0B2CB005897ED /* SomeKnowledgeTests */,
				1B895C3120D0B2CB005897ED /* SomeKnowledgeUITests */,
			);
		};
/* End PBXProject section */

/* Begin PBXResourcesBuildPhase section */
		1B895C0D20D0B2C8005897ED /* Resources */ = {
			isa = PBXResourcesBuildPhase;
			buildActionMask = 2147483647;
			files = (
				1B39DBE72341DEF8002EAD9B /* TimerViewController.xib in Resources */,
				1B895CA920D0B7E5005897ED /* ECLTimeCell.xib in Resources */,
				1B895C9A20D0B6F8005897ED /* Info.plist in Resources */,
				1B895CC620D0C050005897ED /* Assets.xcassets in Resources */,
				1B895CC920D0C050005897ED /* Main.storyboard in Resources */,
				1B895CC820D0C050005897ED /* LaunchScreen.storyboard in Resources */,
				1BDA392D243C627500BB9E34 /* Info.plist in Resources */,
			);
			runOnlyForDeploymentPostprocessing = 0;
		};
		1B895C2520D0B2CB005897ED /* Resources */ = {
			isa = PBXResourcesBuildPhase;
			buildActionMask = 2147483647;
			files = (
			);
			runOnlyForDeploymentPostprocessing = 0;
		};
		1B895C3020D0B2CB005897ED /* Resources */ = {
			isa = PBXResourcesBuildPhase;
			buildActionMask = 2147483647;
			files = (
			);
			runOnlyForDeploymentPostprocessing = 0;
		};
/* End PBXResourcesBuildPhase section */

/* Begin PBXSourcesBuildPhase section */
		1B895C0B20D0B2C8005897ED /* Sources */ = {
			isa = PBXSourcesBuildPhase;
			buildActionMask = 2147483647;
			files = (
				1B895CB520D0BE03005897ED /* BaseViewController.m in Sources */,
				1B39DBDB23408FF3002EAD9B /* RuntimeViewController.m in Sources */,
				1B895CCD20D0C621005897ED /* UIView+Ext.m in Sources */,
				1BDA3928243C627500BB9E34 /* FMDatabaseQueue.m in Sources */,
				1B895CAA20D0B7E5005897ED /* ECLExtendCalendar.m in Sources */,
				1BDA390E2435D72200BB9E34 /* Teacher.m in Sources */,
				1B6F5AF020D8EA7D00239185 /* NaviToPushViewController.m in Sources */,
				1B895C6420D0B6D5005897ED /* StringViewController.m in Sources */,
				1B895C9220D0B6F8005897ED /* FSCalendarScopeHandle.m in Sources */,
				1B895C9120D0B6F8005897ED /* FSCalendarCollectionViewLayout.m in Sources */,
				1BDA3931243C62C500BB9E34 /* YTKKeyValueStore.m in Sources */,
				1B895C9020D0B6F8005897ED /* FSCalendar.m in Sources */,
				1BDA3934243C62D900BB9E34 /* FMDBViewController.m in Sources */,
				1BDA3899242E01F900BB9E34 /* Person.m in Sources */,
				1BDA392C243C627500BB9E34 /* FMResultSet.m in Sources */,
				1B895CB220D0BDDF005897ED /* LocateNotifiyAndSyncCalendarEventViewController.m in Sources */,
				1B39DBE62341DEF8002EAD9B /* TimerViewController.m in Sources */,
				1B895C6820D0B6D5005897ED /* KeyBoradInputViewViewController.m in Sources */,
				1BDA38A2242F726300BB9E34 /* NSObject+Test.m in Sources */,
				1B895C9720D0B6F8005897ED /* FSCalendarCalculator.m in Sources */,
				1BDA390B2435D70600BB9E34 /* Worker.m in Sources */,
				1B895CA820D0B7E5005897ED /* ECLStandardCalendar.m in Sources */,
				1B895CC720D0C050005897ED /* main.m in Sources */,
				1BDA3914243C57B000BB9E34 /* GCDViewController.m in Sources */,
				1BDA392A243C627500BB9E34 /* FMDatabase.m in Sources */,
				1B6F5AED20D8E95E00239185 /* TestItemViewController.m in Sources */,
				1B895C9820D0B6F8005897ED /* FSCalendarHeaderView.m in Sources */,
				1B895CAF20D0B967005897ED /* MainListCell.m in Sources */,
				1B895C8D20D0B6F8005897ED /* FSCalendarDelegationFactory.m in Sources */,
				1B895C9B20D0B6F8005897ED /* FSCalendarAppearance.m in Sources */,
				1BDA389F242F3C9700BB9E34 /* Person+Addtion.m in Sources */,
				1B6F5AF320D8F12B00239185 /* TestItemFirshViewController.m in Sources */,
				1B895C9620D0B6F8005897ED /* FSCalendarConstants.m in Sources */,
				1BDA3929243C627500BB9E34 /* FMDatabaseAdditions.m in Sources */,
				1B895C9520D0B6F8005897ED /* FSCalendar+Deprecated.m in Sources */,
				1B895C1420D0B2C8005897ED /* AppDelegate.m in Sources */,
				1B895CD020D0E5F3005897ED /* WaveView.m in Sources */,
				1B895C6620D0B6D5005897ED /* WaveViewController.m in Sources */,
				1BDA389C242E020D00BB9E34 /* Student.m in Sources */,
				1B895C6720D0B6D5005897ED /* CalendarViewController.m in Sources */,
				1BDA3911243C507300BB9E34 /* HJProxy.m in Sources */,
				1B895C9320D0B6F8005897ED /* FSCalendarWeekdayView.m in Sources */,
				1B895C9420D0B6F8005897ED /* FSCalendarExtensions.m in Sources */,
				1B895CAB20D0B7E5005897ED /* ECLTimePickView.m in Sources */,
				1BDA392B243C627500BB9E34 /* FMDatabasePool.m in Sources */,
				1B895C8C20D0B6F8005897ED /* FSCalendarDelegationProxy.m in Sources */,
				1BDA3917243C57BD00BB9E34 /* NSOperationViewController.m in Sources */,
				1B895C8E20D0B6F8005897ED /* FSCalendarCell.m in Sources */,
				1B895CAC20D0B7E5005897ED /* ECLTimeCell.m in Sources */,
				1B895C6520D0B6D5005897ED /* MainViewController.m in Sources */,
				1BDA391A243C582300BB9E34 /* NSThreadViewController.m in Sources */,
				1B39DBE2234090A2002EAD9B /* RuntimeTest.m in Sources */,
				1B895C8F20D0B6F8005897ED /* FSCalendarStickyHeader.m in Sources */,
				1B895C9920D0B6F8005897ED /* FSCalendarTransitionCoordinator.m in Sources */,
				1B895C8B20D0B6F8005897ED /* FSCalendarCollectionView.m in Sources */,
			);
			runOnlyForDeploymentPostprocessing = 0;
		};
		1B895C2320D0B2CB005897ED /* Sources */ = {
			isa = PBXSourcesBuildPhase;
			buildActionMask = 2147483647;
			files = (
				1B895C2C20D0B2CB005897ED /* SomeKnowledgeTests.m in Sources */,
			);
			runOnlyForDeploymentPostprocessing = 0;
		};
		1B895C2E20D0B2CB005897ED /* Sources */ = {
			isa = PBXSourcesBuildPhase;
			buildActionMask = 2147483647;
			files = (
				1B895C3720D0B2CB005897ED /* SomeKnowledgeUITests.m in Sources */,
			);
			runOnlyForDeploymentPostprocessing = 0;
		};
/* End PBXSourcesBuildPhase section */

/* Begin PBXTargetDependency section */
		1B895C2920D0B2CB005897ED /* PBXTargetDependency */ = {
			isa = PBXTargetDependency;
			target = 1B895C0E20D0B2C8005897ED /* SomeKnowledge */;
			targetProxy = 1B895C2820D0B2CB005897ED /* PBXContainerItemProxy */;
		};
		1B895C3420D0B2CB005897ED /* PBXTargetDependency */ = {
			isa = PBXTargetDependency;
			target = 1B895C0E20D0B2C8005897ED /* SomeKnowledge */;
			targetProxy = 1B895C3320D0B2CB005897ED /* PBXContainerItemProxy */;
		};
/* End PBXTargetDependency section */

/* Begin PBXVariantGroup section */
		1B895CC120D0C050005897ED /* LaunchScreen.storyboard */ = {
			isa = PBXVariantGroup;
			children = (
				1B895CC220D0C050005897ED /* Base */,
			);
			name = LaunchScreen.storyboard;
			sourceTree = "<group>";
		};
		1B895CC320D0C050005897ED /* Main.storyboard */ = {
			isa = PBXVariantGroup;
			children = (
				1B895CC420D0C050005897ED /* Base */,
			);
			name = Main.storyboard;
			sourceTree = "<group>";
		};
/* End PBXVariantGroup section */

/* Begin XCBuildConfiguration section */
		1B895C3920D0B2CB005897ED /* Debug */ = {
			isa = XCBuildConfiguration;
			buildSettings = {
				ALWAYS_SEARCH_USER_PATHS = NO;
				CLANG_ANALYZER_NONNULL = YES;
				CLANG_ANALYZER_NUMBER_OBJECT_CONVERSION = YES_AGGRESSIVE;
				CLANG_CXX_LANGUAGE_STANDARD = "gnu++14";
				CLANG_CXX_LIBRARY = "libc++";
				CLANG_ENABLE_MODULES = YES;
				CLANG_ENABLE_OBJC_ARC = YES;
				CLANG_ENABLE_OBJC_WEAK = YES;
				CLANG_WARN_BLOCK_CAPTURE_AUTORELEASING = YES;
				CLANG_WARN_BOOL_CONVERSION = YES;
				CLANG_WARN_COMMA = YES;
				CLANG_WARN_CONSTANT_CONVERSION = YES;
				CLANG_WARN_DEPRECATED_OBJC_IMPLEMENTATIONS = YES;
				CLANG_WARN_DIRECT_OBJC_ISA_USAGE = YES_ERROR;
				CLANG_WARN_DOCUMENTATION_COMMENTS = YES;
				CLANG_WARN_EMPTY_BODY = YES;
				CLANG_WARN_ENUM_CONVERSION = YES;
				CLANG_WARN_INFINITE_RECURSION = YES;
				CLANG_WARN_INT_CONVERSION = YES;
				CLANG_WARN_NON_LITERAL_NULL_CONVERSION = YES;
				CLANG_WARN_OBJC_IMPLICIT_RETAIN_SELF = YES;
				CLANG_WARN_OBJC_LITERAL_CONVERSION = YES;
				CLANG_WARN_OBJC_ROOT_CLASS = YES_ERROR;
				CLANG_WARN_RANGE_LOOP_ANALYSIS = YES;
				CLANG_WARN_STRICT_PROTOTYPES = YES;
				CLANG_WARN_SUSPICIOUS_MOVE = YES;
				CLANG_WARN_UNGUARDED_AVAILABILITY = YES_AGGRESSIVE;
				CLANG_WARN_UNREACHABLE_CODE = YES;
				CLANG_WARN__DUPLICATE_METHOD_MATCH = YES;
				CODE_SIGN_IDENTITY = "iPhone Developer";
				COPY_PHASE_STRIP = NO;
				DEBUG_INFORMATION_FORMAT = dwarf;
				ENABLE_STRICT_OBJC_MSGSEND = YES;
				ENABLE_TESTABILITY = YES;
				GCC_C_LANGUAGE_STANDARD = gnu11;
				GCC_DYNAMIC_NO_PIC = NO;
				GCC_NO_COMMON_BLOCKS = YES;
				GCC_OPTIMIZATION_LEVEL = 0;
				GCC_PREPROCESSOR_DEFINITIONS = (
					"DEBUG=1",
					"$(inherited)",
				);
				GCC_WARN_64_TO_32_BIT_CONVERSION = YES;
				GCC_WARN_ABOUT_RETURN_TYPE = YES_ERROR;
				GCC_WARN_UNDECLARED_SELECTOR = YES;
				GCC_WARN_UNINITIALIZED_AUTOS = YES_AGGRESSIVE;
				GCC_WARN_UNUSED_FUNCTION = YES;
				GCC_WARN_UNUSED_VARIABLE = YES;
				IPHONEOS_DEPLOYMENT_TARGET = 11.3;
				MTL_ENABLE_DEBUG_INFO = YES;
				ONLY_ACTIVE_ARCH = YES;
				SDKROOT = iphoneos;
			};
			name = Debug;
		};
		1B895C3A20D0B2CB005897ED /* Release */ = {
			isa = XCBuildConfiguration;
			buildSettings = {
				ALWAYS_SEARCH_USER_PATHS = NO;
				CLANG_ANALYZER_NONNULL = YES;
				CLANG_ANALYZER_NUMBER_OBJECT_CONVERSION = YES_AGGRESSIVE;
				CLANG_CXX_LANGUAGE_STANDARD = "gnu++14";
				CLANG_CXX_LIBRARY = "libc++";
				CLANG_ENABLE_MODULES = YES;
				CLANG_ENABLE_OBJC_ARC = YES;
				CLANG_ENABLE_OBJC_WEAK = YES;
				CLANG_WARN_BLOCK_CAPTURE_AUTORELEASING = YES;
				CLANG_WARN_BOOL_CONVERSION = YES;
				CLANG_WARN_COMMA = YES;
				CLANG_WARN_CONSTANT_CONVERSION = YES;
				CLANG_WARN_DEPRECATED_OBJC_IMPLEMENTATIONS = YES;
				CLANG_WARN_DIRECT_OBJC_ISA_USAGE = YES_ERROR;
				CLANG_WARN_DOCUMENTATION_COMMENTS = YES;
				CLANG_WARN_EMPTY_BODY = YES;
				CLANG_WARN_ENUM_CONVERSION = YES;
				CLANG_WARN_INFINITE_RECURSION = YES;
				CLANG_WARN_INT_CONVERSION = YES;
				CLANG_WARN_NON_LITERAL_NULL_CONVERSION = YES;
				CLANG_WARN_OBJC_IMPLICIT_RETAIN_SELF = YES;
				CLANG_WARN_OBJC_LITERAL_CONVERSION = YES;
				CLANG_WARN_OBJC_ROOT_CLASS = YES_ERROR;
				CLANG_WARN_RANGE_LOOP_ANALYSIS = YES;
				CLANG_WARN_STRICT_PROTOTYPES = YES;
				CLANG_WARN_SUSPICIOUS_MOVE = YES;
				CLANG_WARN_UNGUARDED_AVAILABILITY = YES_AGGRESSIVE;
				CLANG_WARN_UNREACHABLE_CODE = YES;
				CLANG_WARN__DUPLICATE_METHOD_MATCH = YES;
				CODE_SIGN_IDENTITY = "iPhone Developer";
				COPY_PHASE_STRIP = NO;
				DEBUG_INFORMATION_FORMAT = "dwarf-with-dsym";
				ENABLE_NS_ASSERTIONS = NO;
				ENABLE_STRICT_OBJC_MSGSEND = YES;
				GCC_C_LANGUAGE_STANDARD = gnu11;
				GCC_NO_COMMON_BLOCKS = YES;
				GCC_WARN_64_TO_32_BIT_CONVERSION = YES;
				GCC_WARN_ABOUT_RETURN_TYPE = YES_ERROR;
				GCC_WARN_UNDECLARED_SELECTOR = YES;
				GCC_WARN_UNINITIALIZED_AUTOS = YES_AGGRESSIVE;
				GCC_WARN_UNUSED_FUNCTION = YES;
				GCC_WARN_UNUSED_VARIABLE = YES;
				IPHONEOS_DEPLOYMENT_TARGET = 11.3;
				MTL_ENABLE_DEBUG_INFO = NO;
				SDKROOT = iphoneos;
				VALIDATE_PRODUCT = YES;
			};
			name = Release;
		};
		1B895C3C20D0B2CB005897ED /* Debug */ = {
			isa = XCBuildConfiguration;
			buildSettings = {
				CODE_SIGN_STYLE = Automatic;
				DEVELOPMENT_TEAM = 7YWH2SDZRB;
				GCC_PREFIX_HEADER = "$(SRCROOT)/SomeKnowledge/SKPrefixHeader.pch";
				INFOPLIST_FILE = SomeKnowledge/Info.plist;
				IPHONEOS_DEPLOYMENT_TARGET = 9.0;
				LD_RUNPATH_SEARCH_PATHS = (
					"$(inherited)",
					"@executable_path/Frameworks",
				);
				PRODUCT_BUNDLE_IDENTIFIER = com.ec.ECLCalendar.SomeKnowledge;
				PRODUCT_NAME = "$(TARGET_NAME)";
				TARGETED_DEVICE_FAMILY = 1;
			};
			name = Debug;
		};
		1B895C3D20D0B2CB005897ED /* Release */ = {
			isa = XCBuildConfiguration;
			buildSettings = {
				CODE_SIGN_STYLE = Automatic;
				DEVELOPMENT_TEAM = 7YWH2SDZRB;
				GCC_PREFIX_HEADER = "$(SRCROOT)/SomeKnowledge/SKPrefixHeader.pch";
				INFOPLIST_FILE = SomeKnowledge/Info.plist;
				IPHONEOS_DEPLOYMENT_TARGET = 9.0;
				LD_RUNPATH_SEARCH_PATHS = (
					"$(inherited)",
					"@executable_path/Frameworks",
				);
				PRODUCT_BUNDLE_IDENTIFIER = com.ec.ECLCalendar.SomeKnowledge;
				PRODUCT_NAME = "$(TARGET_NAME)";
				TARGETED_DEVICE_FAMILY = 1;
			};
			name = Release;
		};
		1B895C3F20D0B2CB005897ED /* Debug */ = {
			isa = XCBuildConfiguration;
			buildSettings = {
				BUNDLE_LOADER = "$(TEST_HOST)";
				CODE_SIGN_STYLE = Automatic;
				INFOPLIST_FILE = SomeKnowledgeTests/Info.plist;
				LD_RUNPATH_SEARCH_PATHS = (
					"$(inherited)",
					"@executable_path/Frameworks",
					"@loader_path/Frameworks",
				);
				PRODUCT_BUNDLE_IDENTIFIER = com.ec.ECLCalendar.SomeKnowledgeTests;
				PRODUCT_NAME = "$(TARGET_NAME)";
				TARGETED_DEVICE_FAMILY = "1,2";
				TEST_HOST = "$(BUILT_PRODUCTS_DIR)/SomeKnowledge.app/SomeKnowledge";
			};
			name = Debug;
		};
		1B895C4020D0B2CB005897ED /* Release */ = {
			isa = XCBuildConfiguration;
			buildSettings = {
				BUNDLE_LOADER = "$(TEST_HOST)";
				CODE_SIGN_STYLE = Automatic;
				INFOPLIST_FILE = SomeKnowledgeTests/Info.plist;
				LD_RUNPATH_SEARCH_PATHS = (
					"$(inherited)",
					"@executable_path/Frameworks",
					"@loader_path/Frameworks",
				);
				PRODUCT_BUNDLE_IDENTIFIER = com.ec.ECLCalendar.SomeKnowledgeTests;
				PRODUCT_NAME = "$(TARGET_NAME)";
				TARGETED_DEVICE_FAMILY = "1,2";
				TEST_HOST = "$(BUILT_PRODUCTS_DIR)/SomeKnowledge.app/SomeKnowledge";
			};
			name = Release;
		};
		1B895C4220D0B2CB005897ED /* Debug */ = {
			isa = XCBuildConfiguration;
			buildSettings = {
				CODE_SIGN_STYLE = Automatic;
				INFOPLIST_FILE = SomeKnowledgeUITests/Info.plist;
				LD_RUNPATH_SEARCH_PATHS = (
					"$(inherited)",
					"@executable_path/Frameworks",
					"@loader_path/Frameworks",
				);
				PRODUCT_BUNDLE_IDENTIFIER = com.ec.ECLCalendar.SomeKnowledgeUITests;
				PRODUCT_NAME = "$(TARGET_NAME)";
				TARGETED_DEVICE_FAMILY = "1,2";
				TEST_TARGET_NAME = SomeKnowledge;
			};
			name = Debug;
		};
		1B895C4320D0B2CB005897ED /* Release */ = {
			isa = XCBuildConfiguration;
			buildSettings = {
				CODE_SIGN_STYLE = Automatic;
				INFOPLIST_FILE = SomeKnowledgeUITests/Info.plist;
				LD_RUNPATH_SEARCH_PATHS = (
					"$(inherited)",
					"@executable_path/Frameworks",
					"@loader_path/Frameworks",
				);
				PRODUCT_BUNDLE_IDENTIFIER = com.ec.ECLCalendar.SomeKnowledgeUITests;
				PRODUCT_NAME = "$(TARGET_NAME)";
				TARGETED_DEVICE_FAMILY = "1,2";
				TEST_TARGET_NAME = SomeKnowledge;
			};
			name = Release;
		};
/* End XCBuildConfiguration section */

/* Begin XCConfigurationList section */
		1B895C0A20D0B2C8005897ED /* Build configuration list for PBXProject "SomeKnowledge" */ = {
			isa = XCConfigurationList;
			buildConfigurations = (
				1B895C3920D0B2CB005897ED /* Debug */,
				1B895C3A20D0B2CB005897ED /* Release */,
			);
			defaultConfigurationIsVisible = 0;
			defaultConfigurationName = Release;
		};
		1B895C3B20D0B2CB005897ED /* Build configuration list for PBXNativeTarget "SomeKnowledge" */ = {
			isa = XCConfigurationList;
			buildConfigurations = (
				1B895C3C20D0B2CB005897ED /* Debug */,
				1B895C3D20D0B2CB005897ED /* Release */,
			);
			defaultConfigurationIsVisible = 0;
			defaultConfigurationName = Release;
		};
		1B895C3E20D0B2CB005897ED /* Build configuration list for PBXNativeTarget "SomeKnowledgeTests" */ = {
			isa = XCConfigurationList;
			buildConfigurations = (
				1B895C3F20D0B2CB005897ED /* Debug */,
				1B895C4020D0B2CB005897ED /* Release */,
			);
			defaultConfigurationIsVisible = 0;
			defaultConfigurationName = Release;
		};
		1B895C4120D0B2CB005897ED /* Build configuration list for PBXNativeTarget "SomeKnowledgeUITests" */ = {
			isa = XCConfigurationList;
			buildConfigurations = (
				1B895C4220D0B2CB005897ED /* Debug */,
				1B895C4320D0B2CB005897ED /* Release */,
			);
			defaultConfigurationIsVisible = 0;
			defaultConfigurationName = Release;
		};
/* End XCConfigurationList section */
	};
	rootObject = 1B895C0720D0B2C8005897ED /* Project object */;
}
